
Microsoft Visual Studio Solution File, Format Version 12.00
# Visual Studio Version 16
VisualStudioVersion = 16.0.29728.190
MinimumVisualStudioVersion = 10.0.40219.1
Project("{FAE04EC0-301F-11D3-BF4B-00C04F79EFBC}") = "promedio matriz", "promedio matriz\promedio matriz.csproj", "{63BC5402-F879-4732-82E3-C8554F31334C}"
EndProject
Global
	GlobalSection(SolutionConfigurationPlatforms) = preSolution
		Debug|Any CPU = Debug|Any CPU
		Release|Any CPU = Release|Any CPU
	EndGlobalSection
	GlobalSection(ProjectConfigurationPlatforms) = postSolution
		{63BC5402-F879-4732-82E3-C8554F31334C}.Debug|Any CPU.ActiveCfg = Debug|Any CPU
		{63BC5402-F879-4732-82E3-C8554F31334C}.Debug|Any CPU.Build.0 = Debug|Any CPU
		{63BC5402-F879-4732-82E3-C8554F31334C}.Release|Any CPU.ActiveCfg = Release|Any CPU
		{63BC5402-F879-4732-82E3-C8554F31334C}.Release|Any CPU.Build.0 = Release|Any CPU
	EndGlobalSection
	GlobalSection(SolutionProperties) = preSolution
		HideSolutionNode = FALSE
	EndGlobalSection
	GlobalSection(ExtensibilityGlobals) = postSolution
		SolutionGuid = {A8D9EFE8-D092-4108-B99F-D34129D95098}
	EndGlobalSection
EndGlobal
